
Microsoft Visual Studio Solution File, Format Version 12.00
# Visual Studio Version 16
VisualStudioVersion = 16.0.31025.194
MinimumVisualStudioVersion = 10.0.40219.1
Project("{2150E333-8FDC-42A3-9474-1A3956D46DE8}") = "Solution Items", "Solution Items", "{0F4398C0-0BEB-4937-845C-B2CF7686715F}"
	ProjectSection(SolutionItems) = preProject
		.editorconfig = .editorconfig
	EndProjectSection
EndProject
Project("{FAE04EC0-301F-11D3-BF4B-00C04F79EFBC}") = "Rhinoceros.Tally.Shell", "Tally\Rhinoceros.Tally.Shell\Rhinoceros.Tally.Shell.csproj", "{8A1AB582-1744-4574-A11A-BD3645FE4C9D}"
EndProject
Project("{FAE04EC0-301F-11D3-BF4B-00C04F79EFBC}") = "Rhinoceros.Tally.Damain", "Rhinoceros.Tally.Damain\Rhinoceros.Tally.Damain.csproj", "{B03521BA-FF77-4722-8C2D-A822E665A3D8}"
EndProject
Global
	GlobalSection(SolutionConfigurationPlatforms) = preSolution
		Debug|Any CPU = Debug|Any CPU
		Release|Any CPU = Release|Any CPU
	EndGlobalSection
	GlobalSection(ProjectConfigurationPlatforms) = postSolution
		{8A1AB582-1744-4574-A11A-BD3645FE4C9D}.Debug|Any CPU.ActiveCfg = Debug|Any CPU
		{8A1AB582-1744-4574-A11A-BD3645FE4C9D}.Debug|Any CPU.Build.0 = Debug|Any CPU
		{8A1AB582-1744-4574-A11A-BD3645FE4C9D}.Release|Any CPU.ActiveCfg = Release|Any CPU
		{8A1AB582-1744-4574-A11A-BD3645FE4C9D}.Release|Any CPU.Build.0 = Release|Any CPU
		{B03521BA-FF77-4722-8C2D-A822E665A3D8}.Debug|Any CPU.ActiveCfg = Debug|Any CPU
		{B03521BA-FF77-4722-8C2D-A822E665A3D8}.Debug|Any CPU.Build.0 = Debug|Any CPU
		{B03521BA-FF77-4722-8C2D-A822E665A3D8}.Release|Any CPU.ActiveCfg = Release|Any CPU
		{B03521BA-FF77-4722-8C2D-A822E665A3D8}.Release|Any CPU.Build.0 = Release|Any CPU
	EndGlobalSection
	GlobalSection(SolutionProperties) = preSolution
		HideSolutionNode = FALSE
	EndGlobalSection
	GlobalSection(ExtensibilityGlobals) = postSolution
		SolutionGuid = {3D61B353-572C-40A6-824C-B82FF59DD714}
	EndGlobalSection
EndGlobal
